
Microsoft Visual Studio Solution File, Format Version 12.00
# Visual Studio 2013
VisualStudioVersion = 12.0.31101.0
MinimumVisualStudioVersion = 10.0.40219.1
Project("{8BC9CEB8-8B4A-11D0-8D11-00A0C91BC942}") = "3_5", "3_5\3_5.vcxproj", "{E968CA21-5BC6-4F9E-8911-BB0C7B099F49}"
EndProject
Global
	GlobalSection(SolutionConfigurationPlatforms) = preSolution
		Debug|Win32 = Debug|Win32
		Release|Win32 = Release|Win32
	EndGlobalSection
	GlobalSection(ProjectConfigurationPlatforms) = postSolution
		{E968CA21-5BC6-4F9E-8911-BB0C7B099F49}.Debug|Win32.ActiveCfg = Debug|Win32
		{E968CA21-5BC6-4F9E-8911-BB0C7B099F49}.Debug|Win32.Build.0 = Debug|Win32
		{E968CA21-5BC6-4F9E-8911-BB0C7B099F49}.Release|Win32.ActiveCfg = Release|Win32
		{E968CA21-5BC6-4F9E-8911-BB0C7B099F49}.Release|Win32.Build.0 = Release|Win32
	EndGlobalSection
	GlobalSection(SolutionProperties) = preSolution
		HideSolutionNode = FALSE
	EndGlobalSection
EndGlobal
